// !$*UTF8*$!
{
	archiveVersion = 1;
	classes = {
	};
	objectVersion = 55;
	objects = {

/* Begin PBXBuildFile section */
		7FD37C4C285A45C7000A2B58 /* AppDelegate.m in Sources */ = {isa = PBXBuildFile; fileRef = 7FD37C4B285A45C7000A2B58 /* AppDelegate.m */; };
		7FD37C4F285A45C7000A2B58 /* SceneDelegate.m in Sources */ = {isa = PBXBuildFile; fileRef = 7FD37C4E285A45C7000A2B58 /* SceneDelegate.m */; };
		7FD37C55285A45C7000A2B58 /* Main.storyboard in Resources */ = {isa = PBXBuildFile; fileRef = 7FD37C53285A45C7000A2B58 /* Main.storyboard */; };
		7FD37C57285A45C8000A2B58 /* Assets.xcassets in Resources */ = {isa = PBXBuildFile; fileRef = 7FD37C56285A45C8000A2B58 /* Assets.xcassets */; };
		7FD37C5A285A45C8000A2B58 /* LaunchScreen.storyboard in Resources */ = {isa = PBXBuildFile; fileRef = 7FD37C58285A45C8000A2B58 /* LaunchScreen.storyboard */; };
		7FD37C5D285A45C8000A2B58 /* main.m in Sources */ = {isa = PBXBuildFile; fileRef = 7FD37C5C285A45C8000A2B58 /* main.m */; };
		7FD37C67285A45C8000A2B58 /* FlixterTests.m in Sources */ = {isa = PBXBuildFile; fileRef = 7FD37C66285A45C8000A2B58 /* FlixterTests.m */; };
		7FD37C71285A45C8000A2B58 /* FlixterUITests.m in Sources */ = {isa = PBXBuildFile; fileRef = 7FD37C70285A45C8000A2B58 /* FlixterUITests.m */; };
		7FD37C73285A45C8000A2B58 /* FlixterUITestsLaunchTests.m in Sources */ = {isa = PBXBuildFile; fileRef = 7FD37C72285A45C8000A2B58 /* FlixterUITestsLaunchTests.m */; };
		7FD37C84285A4F1C000A2B58 /* MovieViewController.m in Sources */ = {isa = PBXBuildFile; fileRef = 7FD37C83285A4F1C000A2B58 /* MovieViewController.m */; };
		7FD37C8A285A8E2B000A2B58 /* MovieTableViewCell.m in Sources */ = {isa = PBXBuildFile; fileRef = 7FD37C89285A8E2B000A2B58 /* MovieTableViewCell.m */; };
/* End PBXBuildFile section */

/* Begin PBXContainerItemProxy section */
		7FD37C63285A45C8000A2B58 /* PBXContainerItemProxy */ = {
			isa = PBXContainerItemProxy;
			containerPortal = 7FD37C3F285A45C7000A2B58 /* Project object */;
			proxyType = 1;
			remoteGlobalIDString = 7FD37C46285A45C7000A2B58;
			remoteInfo = Flixter;
		};
		7FD37C6D285A45C8000A2B58 /* PBXContainerItemProxy */ = {
			isa = PBXContainerItemProxy;
			containerPortal = 7FD37C3F285A45C7000A2B58 /* Project object */;
			proxyType = 1;
			remoteGlobalIDString = 7FD37C46285A45C7000A2B58;
			remoteInfo = Flixter;
		};
/* End PBXContainerItemProxy section */

/* Begin PBXFileReference section */
		7FD37C47285A45C7000A2B58 /* Flixter.app */ = {isa = PBXFileReference; explicitFileType = wrapper.application; includeInIndex = 0; path = Flixter.app; sourceTree = BUILT_PRODUCTS_DIR; };
		7FD37C4A285A45C7000A2B58 /* AppDelegate.h */ = {isa = PBXFileReference; lastKnownFileType = sourcecode.c.h; path = AppDelegate.h; sourceTree = "<group>"; };
		7FD37C4B285A45C7000A2B58 /* AppDelegate.m */ = {isa = PBXFileReference; lastKnownFileType = sourcecode.c.objc; path = AppDelegate.m; sourceTree = "<group>"; };
		7FD37C4D285A45C7000A2B58 /* SceneDelegate.h */ = {isa = PBXFileReference; lastKnownFileType = sourcecode.c.h; path = SceneDelegate.h; sourceTree = "<group>"; };
		7FD37C4E285A45C7000A2B58 /* SceneDelegate.m */ = {isa = PBXFileReference; lastKnownFileType = sourcecode.c.objc; path = SceneDelegate.m; sourceTree = "<group>"; };
		7FD37C54285A45C7000A2B58 /* Base */ = {isa = PBXFileReference; lastKnownFileType = file.storyboard; name = Base; path = Base.lproj/Main.storyboard; sourceTree = "<group>"; };
		7FD37C56285A45C8000A2B58 /* Assets.xcassets */ = {isa = PBXFileReference; lastKnownFileType = folder.assetcatalog; path = Assets.xcassets; sourceTree = "<group>"; };
		7FD37C59285A45C8000A2B58 /* Base */ = {isa = PBXFileReference; lastKnownFileType = file.storyboard; name = Base; path = Base.lproj/LaunchScreen.storyboard; sourceTree = "<group>"; };
		7FD37C5B285A45C8000A2B58 /* Info.plist */ = {isa = PBXFileReference; lastKnownFileType = text.plist.xml; path = Info.plist; sourceTree = "<group>"; };
		7FD37C5C285A45C8000A2B58 /* main.m */ = {isa = PBXFileReference; lastKnownFileType = sourcecode.c.objc; path = main.m; sourceTree = "<group>"; };
		7FD37C62285A45C8000A2B58 /* FlixterTests.xctest */ = {isa = PBXFileReference; explicitFileType = wrapper.cfbundle; includeInIndex = 0; path = FlixterTests.xctest; sourceTree = BUILT_PRODUCTS_DIR; };
		7FD37C66285A45C8000A2B58 /* FlixterTests.m */ = {isa = PBXFileReference; lastKnownFileType = sourcecode.c.objc; path = FlixterTests.m; sourceTree = "<group>"; };
		7FD37C6C285A45C8000A2B58 /* FlixterUITests.xctest */ = {isa = PBXFileReference; explicitFileType = wrapper.cfbundle; includeInIndex = 0; path = FlixterUITests.xctest; sourceTree = BUILT_PRODUCTS_DIR; };
		7FD37C70285A45C8000A2B58 /* FlixterUITests.m */ = {isa = PBXFileReference; lastKnownFileType = sourcecode.c.objc; path = FlixterUITests.m; sourceTree = "<group>"; };
		7FD37C72285A45C8000A2B58 /* FlixterUITestsLaunchTests.m */ = {isa = PBXFileReference; lastKnownFileType = sourcecode.c.objc; path = FlixterUITestsLaunchTests.m; sourceTree = "<group>"; };
		7FD37C82285A4F1C000A2B58 /* MovieViewController.h */ = {isa = PBXFileReference; lastKnownFileType = sourcecode.c.h; path = MovieViewController.h; sourceTree = "<group>"; };
		7FD37C83285A4F1C000A2B58 /* MovieViewController.m */ = {isa = PBXFileReference; lastKnownFileType = sourcecode.c.objc; path = MovieViewController.m; sourceTree = "<group>"; };
		7FD37C88285A8E2B000A2B58 /* MovieTableViewCell.h */ = {isa = PBXFileReference; lastKnownFileType = sourcecode.c.h; path = MovieTableViewCell.h; sourceTree = "<group>"; };
		7FD37C89285A8E2B000A2B58 /* MovieTableViewCell.m */ = {isa = PBXFileReference; lastKnownFileType = sourcecode.c.objc; path = MovieTableViewCell.m; sourceTree = "<group>"; };
/* End PBXFileReference section */

/* Begin PBXFrameworksBuildPhase section */
		7FD37C44285A45C7000A2B58 /* Frameworks */ = {
			isa = PBXFrameworksBuildPhase;
			buildActionMask = 2147483647;
			files = (
			);
			runOnlyForDeploymentPostprocessing = 0;
		};
		7FD37C5F285A45C8000A2B58 /* Frameworks */ = {
			isa = PBXFrameworksBuildPhase;
			buildActionMask = 2147483647;
			files = (
			);
			runOnlyForDeploymentPostprocessing = 0;
		};
		7FD37C69285A45C8000A2B58 /* Frameworks */ = {
			isa = PBXFrameworksBuildPhase;
			buildActionMask = 2147483647;
			files = (
			);
			runOnlyForDeploymentPostprocessing = 0;
		};
/* End PBXFrameworksBuildPhase section */

/* Begin PBXGroup section */
		7FD37C3E285A45C7000A2B58 = {
			isa = PBXGroup;
			children = (
				7FD37C49285A45C7000A2B58 /* Flixter */,
				7FD37C65285A45C8000A2B58 /* FlixterTests */,
				7FD37C6F285A45C8000A2B58 /* FlixterUITests */,
				7FD37C48285A45C7000A2B58 /* Products */,
			);
			sourceTree = "<group>";
		};
		7FD37C48285A45C7000A2B58 /* Products */ = {
			isa = PBXGroup;
			children = (
				7FD37C47285A45C7000A2B58 /* Flixter.app */,
				7FD37C62285A45C8000A2B58 /* FlixterTests.xctest */,
				7FD37C6C285A45C8000A2B58 /* FlixterUITests.xctest */,
			);
			name = Products;
			sourceTree = "<group>";
		};
		7FD37C49285A45C7000A2B58 /* Flixter */ = {
			isa = PBXGroup;
			children = (
				7FD37C4A285A45C7000A2B58 /* AppDelegate.h */,
				7FD37C4B285A45C7000A2B58 /* AppDelegate.m */,
				7FD37C4D285A45C7000A2B58 /* SceneDelegate.h */,
				7FD37C4E285A45C7000A2B58 /* SceneDelegate.m */,
				7FD37C53285A45C7000A2B58 /* Main.storyboard */,
				7FD37C88285A8E2B000A2B58 /* MovieTableViewCell.h */,
				7FD37C89285A8E2B000A2B58 /* MovieTableViewCell.m */,
				7FD37C82285A4F1C000A2B58 /* MovieViewController.h */,
				7FD37C83285A4F1C000A2B58 /* MovieViewController.m */,
				7FD37C56285A45C8000A2B58 /* Assets.xcassets */,
				7FD37C58285A45C8000A2B58 /* LaunchScreen.storyboard */,
				7FD37C5B285A45C8000A2B58 /* Info.plist */,
				7FD37C5C285A45C8000A2B58 /* main.m */,
			);
			path = Flixter;
			sourceTree = "<group>";
		};
		7FD37C65285A45C8000A2B58 /* FlixterTests */ = {
			isa = PBXGroup;
			children = (
				7FD37C66285A45C8000A2B58 /* FlixterTests.m */,
			);
			path = FlixterTests;
			sourceTree = "<group>";
		};
		7FD37C6F285A45C8000A2B58 /* FlixterUITests */ = {
			isa = PBXGroup;
			children = (
				7FD37C70285A45C8000A2B58 /* FlixterUITests.m */,
				7FD37C72285A45C8000A2B58 /* FlixterUITestsLaunchTests.m */,
			);
			path = FlixterUITests;
			sourceTree = "<group>";
		};
/* End PBXGroup section */

/* Begin PBXNativeTarget section */
		7FD37C46285A45C7000A2B58 /* Flixter */ = {
			isa = PBXNativeTarget;
			buildConfigurationList = 7FD37C76285A45C8000A2B58 /* Build configuration list for PBXNativeTarget "Flixter" */;
			buildPhases = (
				7FD37C43285A45C7000A2B58 /* Sources */,
				7FD37C44285A45C7000A2B58 /* Frameworks */,
				7FD37C45285A45C7000A2B58 /* Resources */,
			);
			buildRules = (
			);
			dependencies = (
			);
			name = Flixter;
			productName = Flixter;
			productReference = 7FD37C47285A45C7000A2B58 /* Flixter.app */;
			productType = "com.apple.product-type.application";
		};
		7FD37C61285A45C8000A2B58 /* FlixterTests */ = {
			isa = PBXNativeTarget;
			buildConfigurationList = 7FD37C79285A45C8000A2B58 /* Build configuration list for PBXNativeTarget "FlixterTests" */;
			buildPhases = (
				7FD37C5E285A45C8000A2B58 /* Sources */,
				7FD37C5F285A45C8000A2B58 /* Frameworks */,
				7FD37C60285A45C8000A2B58 /* Resources */,
			);
			buildRules = (
			);
			dependencies = (
				7FD37C64285A45C8000A2B58 /* PBXTargetDependency */,
			);
			name = FlixterTests;
			productName = FlixterTests;
			productReference = 7FD37C62285A45C8000A2B58 /* FlixterTests.xctest */;
			productType = "com.apple.product-type.bundle.unit-test";
		};
		7FD37C6B285A45C8000A2B58 /* FlixterUITests */ = {
			isa = PBXNativeTarget;
			buildConfigurationList = 7FD37C7C285A45C8000A2B58 /* Build configuration list for PBXNativeTarget "FlixterUITests" */;
			buildPhases = (
				7FD37C68285A45C8000A2B58 /* Sources */,
				7FD37C69285A45C8000A2B58 /* Frameworks */,
				7FD37C6A285A45C8000A2B58 /* Resources */,
			);
			buildRules = (
			);
			dependencies = (
				7FD37C6E285A45C8000A2B58 /* PBXTargetDependency */,
			);
			name = FlixterUITests;
			productName = FlixterUITests;
			productReference = 7FD37C6C285A45C8000A2B58 /* FlixterUITests.xctest */;
			productType = "com.apple.product-type.bundle.ui-testing";
		};
/* End PBXNativeTarget section */

/* Begin PBXProject section */
		7FD37C3F285A45C7000A2B58 /* Project object */ = {
			isa = PBXProject;
			attributes = {
				BuildIndependentTargetsInParallel = 1;
				LastUpgradeCheck = 1340;
				TargetAttributes = {
					7FD37C46285A45C7000A2B58 = {
						CreatedOnToolsVersion = 13.4;
					};
					7FD37C61285A45C8000A2B58 = {
						CreatedOnToolsVersion = 13.4;
						TestTargetID = 7FD37C46285A45C7000A2B58;
					};
					7FD37C6B285A45C8000A2B58 = {
						CreatedOnToolsVersion = 13.4;
						TestTargetID = 7FD37C46285A45C7000A2B58;
					};
				};
			};
			buildConfigurationList = 7FD37C42285A45C7000A2B58 /* Build configuration list for PBXProject "Flixter" */;
			compatibilityVersion = "Xcode 13.0";
			developmentRegion = en;
			hasScannedForEncodings = 0;
			knownRegions = (
				en,
				Base,
			);
			mainGroup = 7FD37C3E285A45C7000A2B58;
			productRefGroup = 7FD37C48285A45C7000A2B58 /* Products */;
			projectDirPath = "";
			projectRoot = "";
			targets = (
				7FD37C46285A45C7000A2B58 /* Flixter */,
				7FD37C61285A45C8000A2B58 /* FlixterTests */,
				7FD37C6B285A45C8000A2B58 /* FlixterUITests */,
			);
		};
/* End PBXProject section */

/* Begin PBXResourcesBuildPhase section */
		7FD37C45285A45C7000A2B58 /* Resources */ = {
			isa = PBXResourcesBuildPhase;
			buildActionMask = 2147483647;
			files = (
				7FD37C5A285A45C8000A2B58 /* LaunchScreen.storyboard in Resources */,
				7FD37C57285A45C8000A2B58 /* Assets.xcassets in Resources */,
				7FD37C55285A45C7000A2B58 /* Main.storyboard in Resources */,
			);
			runOnlyForDeploymentPostprocessing = 0;
		};
		7FD37C60285A45C8000A2B58 /* Resources */ = {
			isa = PBXResourcesBuildPhase;
			buildActionMask = 2147483647;
			files = (
			);
			runOnlyForDeploymentPostprocessing = 0;
		};
		7FD37C6A285A45C8000A2B58 /* Resources */ = {
			isa = PBXResourcesBuildPhase;
			buildActionMask = 2147483647;
			files = (
			);
			runOnlyForDeploymentPostprocessing = 0;
		};
/* End PBXResourcesBuildPhase section */

/* Begin PBXSourcesBuildPhase section */
		7FD37C43285A45C7000A2B58 /* Sources */ = {
			isa = PBXSourcesBuildPhase;
			buildActionMask = 2147483647;
			files = (
				7FD37C4C285A45C7000A2B58 /* AppDelegate.m in Sources */,
				7FD37C5D285A45C8000A2B58 /* main.m in Sources */,
				7FD37C4F285A45C7000A2B58 /* SceneDelegate.m in Sources */,
				7FD37C8A285A8E2B000A2B58 /* MovieTableViewCell.m in Sources */,
				7FD37C84285A4F1C000A2B58 /* MovieViewController.m in Sources */,
			);
			runOnlyForDeploymentPostprocessing = 0;
		};
		7FD37C5E285A45C8000A2B58 /* Sources */ = {
			isa = PBXSourcesBuildPhase;
			buildActionMask = 2147483647;
			files = (
				7FD37C67285A45C8000A2B58 /* FlixterTests.m in Sources */,
			);
			runOnlyForDeploymentPostprocessing = 0;
		};
		7FD37C68285A45C8000A2B58 /* Sources */ = {
			isa = PBXSourcesBuildPhase;
			buildActionMask = 2147483647;
			files = (
				7FD37C71285A45C8000A2B58 /* FlixterUITests.m in Sources */,
				7FD37C73285A45C8000A2B58 /* FlixterUITestsLaunchTests.m in Sources */,
			);
			runOnlyForDeploymentPostprocessing = 0;
		};
/* End PBXSourcesBuildPhase section */

/* Begin PBXTargetDependency section */
		7FD37C64285A45C8000A2B58 /* PBXTargetDependency */ = {
			isa = PBXTargetDependency;
			target = 7FD37C46285A45C7000A2B58 /* Flixter */;
			targetProxy = 7FD37C63285A45C8000A2B58 /* PBXContainerItemProxy */;
		};
		7FD37C6E285A45C8000A2B58 /* PBXTargetDependency */ = {
			isa = PBXTargetDependency;
			target = 7FD37C46285A45C7000A2B58 /* Flixter */;
			targetProxy = 7FD37C6D285A45C8000A2B58 /* PBXContainerItemProxy */;
		};
/* End PBXTargetDependency section */

/* Begin PBXVariantGroup section */
		7FD37C53285A45C7000A2B58 /* Main.storyboard */ = {
			isa = PBXVariantGroup;
			children = (
				7FD37C54285A45C7000A2B58 /* Base */,
			);
			name = Main.storyboard;
			sourceTree = "<group>";
		};
		7FD37C58285A45C8000A2B58 /* LaunchScreen.storyboard */ = {
			isa = PBXVariantGroup;
			children = (
				7FD37C59285A45C8000A2B58 /* Base */,
			);
			name = LaunchScreen.storyboard;
			sourceTree = "<group>";
		};
/* End PBXVariantGroup section */

/* Begin XCBuildConfiguration section */
		7FD37C74285A45C8000A2B58 /* Debug */ = {
			isa = XCBuildConfiguration;
			buildSettings = {
				ALWAYS_SEARCH_USER_PATHS = NO;
				CLANG_ANALYZER_NONNULL = YES;
				CLANG_ANALYZER_NUMBER_OBJECT_CONVERSION = YES_AGGRESSIVE;
				CLANG_CXX_LANGUAGE_STANDARD = "gnu++17";
				CLANG_ENABLE_MODULES = YES;
				CLANG_ENABLE_OBJC_ARC = YES;
				CLANG_ENABLE_OBJC_WEAK = YES;
				CLANG_WARN_BLOCK_CAPTURE_AUTORELEASING = YES;
				CLANG_WARN_BOOL_CONVERSION = YES;
				CLANG_WARN_COMMA = YES;
				CLANG_WARN_CONSTANT_CONVERSION = YES;
				CLANG_WARN_DEPRECATED_OBJC_IMPLEMENTATIONS = YES;
				CLANG_WARN_DIRECT_OBJC_ISA_USAGE = YES_ERROR;
				CLANG_WARN_DOCUMENTATION_COMMENTS = YES;
				CLANG_WARN_EMPTY_BODY = YES;
				CLANG_WARN_ENUM_CONVERSION = YES;
				CLANG_WARN_INFINITE_RECURSION = YES;
				CLANG_WARN_INT_CONVERSION = YES;
				CLANG_WARN_NON_LITERAL_NULL_CONVERSION = YES;
				CLANG_WARN_OBJC_IMPLICIT_RETAIN_SELF = YES;
				CLANG_WARN_OBJC_LITERAL_CONVERSION = YES;
				CLANG_WARN_OBJC_ROOT_CLASS = YES_ERROR;
				CLANG_WARN_QUOTED_INCLUDE_IN_FRAMEWORK_HEADER = YES;
				CLANG_WARN_RANGE_LOOP_ANALYSIS = YES;
				CLANG_WARN_STRICT_PROTOTYPES = YES;
				CLANG_WARN_SUSPICIOUS_MOVE = YES;
				CLANG_WARN_UNGUARDED_AVAILABILITY = YES_AGGRESSIVE;
				CLANG_WARN_UNREACHABLE_CODE = YES;
				CLANG_WARN__DUPLICATE_METHOD_MATCH = YES;
				COPY_PHASE_STRIP = NO;
				DEBUG_INFORMATION_FORMAT = dwarf;
				ENABLE_STRICT_OBJC_MSGSEND = YES;
				ENABLE_TESTABILITY = YES;
				GCC_C_LANGUAGE_STANDARD = gnu11;
				GCC_DYNAMIC_NO_PIC = NO;
				GCC_NO_COMMON_BLOCKS = YES;
				GCC_OPTIMIZATION_LEVEL = 0;
				GCC_PREPROCESSOR_DEFINITIONS = (
					"DEBUG=1",
					"$(inherited)",
				);
				GCC_WARN_64_TO_32_BIT_CONVERSION = YES;
				GCC_WARN_ABOUT_RETURN_TYPE = YES_ERROR;
				GCC_WARN_UNDECLARED_SELECTOR = YES;
				GCC_WARN_UNINITIALIZED_AUTOS = YES_AGGRESSIVE;
				GCC_WARN_UNUSED_FUNCTION = YES;
				GCC_WARN_UNUSED_VARIABLE = YES;
				IPHONEOS_DEPLOYMENT_TARGET = 15.5;
				MTL_ENABLE_DEBUG_INFO = INCLUDE_SOURCE;
				MTL_FAST_MATH = YES;
				ONLY_ACTIVE_ARCH = YES;
				SDKROOT = iphoneos;
			};
			name = Debug;
		};
		7FD37C75285A45C8000A2B58 /* Release */ = {
			isa = XCBuildConfiguration;
			buildSettings = {
				ALWAYS_SEARCH_USER_PATHS = NO;
				CLANG_ANALYZER_NONNULL = YES;
				CLANG_ANALYZER_NUMBER_OBJECT_CONVERSION = YES_AGGRESSIVE;
				CLANG_CXX_LANGUAGE_STANDARD = "gnu++17";
				CLANG_ENABLE_MODULES = YES;
				CLANG_ENABLE_OBJC_ARC = YES;
				CLANG_ENABLE_OBJC_WEAK = YES;
				CLANG_WARN_BLOCK_CAPTURE_AUTORELEASING = YES;
				CLANG_WARN_BOOL_CONVERSION = YES;
				CLANG_WARN_COMMA = YES;
				CLANG_WARN_CONSTANT_CONVERSION = YES;
				CLANG_WARN_DEPRECATED_OBJC_IMPLEMENTATIONS = YES;
				CLANG_WARN_DIRECT_OBJC_ISA_USAGE = YES_ERROR;
				CLANG_WARN_DOCUMENTATION_COMMENTS = YES;
				CLANG_WARN_EMPTY_BODY = YES;
				CLANG_WARN_ENUM_CONVERSION = YES;
				CLANG_WARN_INFINITE_RECURSION = YES;
				CLANG_WARN_INT_CONVERSION = YES;
				CLANG_WARN_NON_LITERAL_NULL_CONVERSION = YES;
				CLANG_WARN_OBJC_IMPLICIT_RETAIN_SELF = YES;
				CLANG_WARN_OBJC_LITERAL_CONVERSION = YES;
				CLANG_WARN_OBJC_ROOT_CLASS = YES_ERROR;
				CLANG_WARN_QUOTED_INCLUDE_IN_FRAMEWORK_HEADER = YES;
				CLANG_WARN_RANGE_LOOP_ANALYSIS = YES;
				CLANG_WARN_STRICT_PROTOTYPES = YES;
				CLANG_WARN_SUSPICIOUS_MOVE = YES;
				CLANG_WARN_UNGUARDED_AVAILABILITY = YES_AGGRESSIVE;
				CLANG_WARN_UNREACHABLE_CODE = YES;
				CLANG_WARN__DUPLICATE_METHOD_MATCH = YES;
				COPY_PHASE_STRIP = NO;
				DEBUG_INFORMATION_FORMAT = "dwarf-with-dsym";
				ENABLE_NS_ASSERTIONS = NO;
				ENABLE_STRICT_OBJC_MSGSEND = YES;
				GCC_C_LANGUAGE_STANDARD = gnu11;
				GCC_NO_COMMON_BLOCKS = YES;
				GCC_WARN_64_TO_32_BIT_CONVERSION = YES;
				GCC_WARN_ABOUT_RETURN_TYPE = YES_ERROR;
				GCC_WARN_UNDECLARED_SELECTOR = YES;
				GCC_WARN_UNINITIALIZED_AUTOS = YES_AGGRESSIVE;
				GCC_WARN_UNUSED_FUNCTION = YES;
				GCC_WARN_UNUSED_VARIABLE = YES;
				IPHONEOS_DEPLOYMENT_TARGET = 15.5;
				MTL_ENABLE_DEBUG_INFO = NO;
				MTL_FAST_MATH = YES;
				SDKROOT = iphoneos;
				VALIDATE_PRODUCT = YES;
			};
			name = Release;
		};
		7FD37C77285A45C8000A2B58 /* Debug */ = {
			isa = XCBuildConfiguration;
			buildSettings = {
				ASSETCATALOG_COMPILER_APPICON_NAME = AppIcon;
				ASSETCATALOG_COMPILER_GLOBAL_ACCENT_COLOR_NAME = AccentColor;
				CODE_SIGN_STYLE = Automatic;
				CURRENT_PROJECT_VERSION = 1;
				GENERATE_INFOPLIST_FILE = YES;
				INFOPLIST_FILE = Flixter/Info.plist;
				INFOPLIST_KEY_UIApplicationSupportsIndirectInputEvents = YES;
				INFOPLIST_KEY_UILaunchStoryboardName = LaunchScreen;
				INFOPLIST_KEY_UIMainStoryboardFile = Main;
				INFOPLIST_KEY_UISupportedInterfaceOrientations_iPad = "UIInterfaceOrientationPortrait UIInterfaceOrientationPortraitUpsideDown UIInterfaceOrientationLandscapeLeft UIInterfaceOrientationLandscapeRight";
				INFOPLIST_KEY_UISupportedInterfaceOrientations_iPhone = "UIInterfaceOrientationPortrait UIInterfaceOrientationLandscapeLeft UIInterfaceOrientationLandscapeRight";
				LD_RUNPATH_SEARCH_PATHS = (
					"$(inherited)",
					"@executable_path/Frameworks",
				);
				MARKETING_VERSION = 1.0;
				PRODUCT_BUNDLE_IDENTIFIER = CodePath.Flixter;
				PRODUCT_NAME = "$(TARGET_NAME)";
				SWIFT_EMIT_LOC_STRINGS = YES;
				TARGETED_DEVICE_FAMILY = "1,2";
			};
			name = Debug;
		};
		7FD37C78285A45C8000A2B58 /* Release */ = {
			isa = XCBuildConfiguration;
			buildSettings = {
				ASSETCATALOG_COMPILER_APPICON_NAME = AppIcon;
				ASSETCATALOG_COMPILER_GLOBAL_ACCENT_COLOR_NAME = AccentColor;
				CODE_SIGN_STYLE = Automatic;
				CURRENT_PROJECT_VERSION = 1;
				GENERATE_INFOPLIST_FILE = YES;
				INFOPLIST_FILE = Flixter/Info.plist;
				INFOPLIST_KEY_UIApplicationSupportsIndirectInputEvents = YES;
				INFOPLIST_KEY_UILaunchStoryboardName = LaunchScreen;
				INFOPLIST_KEY_UIMainStoryboardFile = Main;
				INFOPLIST_KEY_UISupportedInterfaceOrientations_iPad = "UIInterfaceOrientationPortrait UIInterfaceOrientationPortraitUpsideDown UIInterfaceOrientationLandscapeLeft UIInterfaceOrientationLandscapeRight";
				INFOPLIST_KEY_UISupportedInterfaceOrientations_iPhone = "UIInterfaceOrientationPortrait UIInterfaceOrientationLandscapeLeft UIInterfaceOrientationLandscapeRight";
				LD_RUNPATH_SEARCH_PATHS = (
					"$(inherited)",
					"@executable_path/Frameworks",
				);
				MARKETING_VERSION = 1.0;
				PRODUCT_BUNDLE_IDENTIFIER = CodePath.Flixter;
				PRODUCT_NAME = "$(TARGET_NAME)";
				SWIFT_EMIT_LOC_STRINGS = YES;
				TARGETED_DEVICE_FAMILY = "1,2";
			};
			name = Release;
		};
		7FD37C7A285A45C8000A2B58 /* Debug */ = {
			isa = XCBuildConfiguration;
			buildSettings = {
				BUNDLE_LOADER = "$(TEST_HOST)";
				CODE_SIGN_STYLE = Automatic;
				CURRENT_PROJECT_VERSION = 1;
				GENERATE_INFOPLIST_FILE = YES;
				IPHONEOS_DEPLOYMENT_TARGET = 15.5;
				MARKETING_VERSION = 1.0;
				PRODUCT_BUNDLE_IDENTIFIER = CodePath.FlixterTests;
				PRODUCT_NAME = "$(TARGET_NAME)";
				SWIFT_EMIT_LOC_STRINGS = NO;
				TARGETED_DEVICE_FAMILY = "1,2";
				TEST_HOST = "$(BUILT_PRODUCTS_DIR)/Flixter.app/Flixter";
			};
			name = Debug;
		};
		7FD37C7B285A45C8000A2B58 /* Release */ = {
			isa = XCBuildConfiguration;
			buildSettings = {
				BUNDLE_LOADER = "$(TEST_HOST)";
				CODE_SIGN_STYLE = Automatic;
				CURRENT_PROJECT_VERSION = 1;
				GENERATE_INFOPLIST_FILE = YES;
				IPHONEOS_DEPLOYMENT_TARGET = 15.5;
				MARKETING_VERSION = 1.0;
				PRODUCT_BUNDLE_IDENTIFIER = CodePath.FlixterTests;
				PRODUCT_NAME = "$(TARGET_NAME)";
				SWIFT_EMIT_LOC_STRINGS = NO;
				TARGETED_DEVICE_FAMILY = "1,2";
				TEST_HOST = "$(BUILT_PRODUCTS_DIR)/Flixter.app/Flixter";
			};
			name = Release;
		};
		7FD37C7D285A45C8000A2B58 /* Debug */ = {
			isa = XCBuildConfiguration;
			buildSettings = {
				CODE_SIGN_STYLE = Automatic;
				CURRENT_PROJECT_VERSION = 1;
				GENERATE_INFOPLIST_FILE = YES;
				MARKETING_VERSION = 1.0;
				PRODUCT_BUNDLE_IDENTIFIER = CodePath.FlixterUITests;
				PRODUCT_NAME = "$(TARGET_NAME)";
				SWIFT_EMIT_LOC_STRINGS = NO;
				TARGETED_DEVICE_FAMILY = "1,2";
				TEST_TARGET_NAME = Flixter;
			};
			name = Debug;
		};
		7FD37C7E285A45C8000A2B58 /* Release */ = {
			isa = XCBuildConfiguration;
			buildSettings = {
				CODE_SIGN_STYLE = Automatic;
				CURRENT_PROJECT_VERSION = 1;
				GENERATE_INFOPLIST_FILE = YES;
				MARKETING_VERSION = 1.0;
				PRODUCT_BUNDLE_IDENTIFIER = CodePath.FlixterUITests;
				PRODUCT_NAME = "$(TARGET_NAME)";
				SWIFT_EMIT_LOC_STRINGS = NO;
				TARGETED_DEVICE_FAMILY = "1,2";
				TEST_TARGET_NAME = Flixter;
			};
			name = Release;
		};
/* End XCBuildConfiguration section */

/* Begin XCConfigurationList section */
		7FD37C42285A45C7000A2B58 /* Build configuration list for PBXProject "Flixter" */ = {
			isa = XCConfigurationList;
			buildConfigurations = (
				7FD37C74285A45C8000A2B58 /* Debug */,
				7FD37C75285A45C8000A2B58 /* Release */,
			);
			defaultConfigurationIsVisible = 0;
			defaultConfigurationName = Release;
		};
		7FD37C76285A45C8000A2B58 /* Build configuration list for PBXNativeTarget "Flixter" */ = {
			isa = XCConfigurationList;
			buildConfigurations = (
				7FD37C77285A45C8000A2B58 /* Debug */,
				7FD37C78285A45C8000A2B58 /* Release */,
			);
			defaultConfigurationIsVisible = 0;
			defaultConfigurationName = Release;
		};
		7FD37C79285A45C8000A2B58 /* Build configuration list for PBXNativeTarget "FlixterTests" */ = {
			isa = XCConfigurationList;
			buildConfigurations = (
				7FD37C7A285A45C8000A2B58 /* Debug */,
				7FD37C7B285A45C8000A2B58 /* Release */,
			);
			defaultConfigurationIsVisible = 0;
			defaultConfigurationName = Release;
		};
		7FD37C7C285A45C8000A2B58 /* Build configuration list for PBXNativeTarget "FlixterUITests" */ = {
			isa = XCConfigurationList;
			buildConfigurations = (
				7FD37C7D285A45C8000A2B58 /* Debug */,
				7FD37C7E285A45C8000A2B58 /* Release */,
			);
			defaultConfigurationIsVisible = 0;
			defaultConfigurationName = Release;
		};
/* End XCConfigurationList section */
	};
	rootObject = 7FD37C3F285A45C7000A2B58 /* Project object */;
}
